// !$*UTF8*$!
{
	archiveVersion = 1;
	classes = {
	};
	objectVersion = 56;
	objects = {

/* Begin PBXBuildFile section */
		011142D12AAB6132006021F6 /* SettingsView.swift in Sources */ = {isa = PBXBuildFile; fileRef = 011142D02AAB6132006021F6 /* SettingsView.swift */; };
		011142D32AAB6156006021F6 /* MainView.swift in Sources */ = {isa = PBXBuildFile; fileRef = 011142D22AAB6156006021F6 /* MainView.swift */; };
		01699EBE2AADC576007DEDA8 /* SaveView.swift in Sources */ = {isa = PBXBuildFile; fileRef = 01699EBD2AADC576007DEDA8 /* SaveView.swift */; };
		01FEEB842AAA49C800B8DB48 /* BildirimceApp.swift in Sources */ = {isa = PBXBuildFile; fileRef = 01FEEB832AAA49C800B8DB48 /* BildirimceApp.swift */; };
		01FEEB862AAA49C800B8DB48 /* ContentView.swift in Sources */ = {isa = PBXBuildFile; fileRef = 01FEEB852AAA49C800B8DB48 /* ContentView.swift */; };
		01FEEB882AAA49CA00B8DB48 /* Assets.xcassets in Resources */ = {isa = PBXBuildFile; fileRef = 01FEEB872AAA49CA00B8DB48 /* Assets.xcassets */; };
		01FEEB8B2AAA49CA00B8DB48 /* Preview Assets.xcassets in Resources */ = {isa = PBXBuildFile; fileRef = 01FEEB8A2AAA49CA00B8DB48 /* Preview Assets.xcassets */; };
		01FEF51D2AAAFF5000913FCB /* Notification_Permission_ViewModel.swift in Sources */ = {isa = PBXBuildFile; fileRef = 01FEF51C2AAAFF5000913FCB /* Notification_Permission_ViewModel.swift */; };
		01FEF51F2AAB00BD00913FCB /* Turkish_Model.swift in Sources */ = {isa = PBXBuildFile; fileRef = 01FEF51E2AAB00BD00913FCB /* Turkish_Model.swift */; };
		01FEF5212AAB014C00913FCB /* English_Model.swift in Sources */ = {isa = PBXBuildFile; fileRef = 01FEF5202AAB014C00913FCB /* English_Model.swift */; };
		01FEF5272AAB043000913FCB /* UserNofiticationExtension.swift in Sources */ = {isa = PBXBuildFile; fileRef = 01FEF5262AAB043000913FCB /* UserNofiticationExtension.swift */; };
		01FEF5292AAB084B00913FCB /* Notification_Menu_ViewModel.swift in Sources */ = {isa = PBXBuildFile; fileRef = 01FEF5282AAB084B00913FCB /* Notification_Menu_ViewModel.swift */; };
		01FEF52B2AAB09ED00913FCB /* Notification_Content_ViewModel.swift in Sources */ = {isa = PBXBuildFile; fileRef = 01FEF52A2AAB09ED00913FCB /* Notification_Content_ViewModel.swift */; };
		01FEF52D2AAB0BF100913FCB /* Date_Settings_ViewModel.swift in Sources */ = {isa = PBXBuildFile; fileRef = 01FEF52C2AAB0BF100913FCB /* Date_Settings_ViewModel.swift */; };
/* End PBXBuildFile section */

/* Begin PBXFileReference section */
		011142D02AAB6132006021F6 /* SettingsView.swift */ = {isa = PBXFileReference; lastKnownFileType = sourcecode.swift; path = SettingsView.swift; sourceTree = "<group>"; };
		011142D22AAB6156006021F6 /* MainView.swift */ = {isa = PBXFileReference; lastKnownFileType = sourcecode.swift; path = MainView.swift; sourceTree = "<group>"; };
		015117C22AAA4BE4000B0920 /* Bildirimce.entitlements */ = {isa = PBXFileReference; lastKnownFileType = text.plist.entitlements; path = Bildirimce.entitlements; sourceTree = "<group>"; };
		015117C32AAA4CA5000B0920 /* Info.plist */ = {isa = PBXFileReference; lastKnownFileType = text.plist; path = Info.plist; sourceTree = "<group>"; };
		01699EBD2AADC576007DEDA8 /* SaveView.swift */ = {isa = PBXFileReference; lastKnownFileType = sourcecode.swift; path = SaveView.swift; sourceTree = "<group>"; };
		01FEEB802AAA49C800B8DB48 /* Bildirimce.app */ = {isa = PBXFileReference; explicitFileType = wrapper.application; includeInIndex = 0; path = Bildirimce.app; sourceTree = BUILT_PRODUCTS_DIR; };
		01FEEB832AAA49C800B8DB48 /* BildirimceApp.swift */ = {isa = PBXFileReference; lastKnownFileType = sourcecode.swift; path = BildirimceApp.swift; sourceTree = "<group>"; };
		01FEEB852AAA49C800B8DB48 /* ContentView.swift */ = {isa = PBXFileReference; lastKnownFileType = sourcecode.swift; path = ContentView.swift; sourceTree = "<group>"; };
		01FEEB872AAA49CA00B8DB48 /* Assets.xcassets */ = {isa = PBXFileReference; lastKnownFileType = folder.assetcatalog; path = Assets.xcassets; sourceTree = "<group>"; };
		01FEEB8A2AAA49CA00B8DB48 /* Preview Assets.xcassets */ = {isa = PBXFileReference; lastKnownFileType = folder.assetcatalog; path = "Preview Assets.xcassets"; sourceTree = "<group>"; };
		01FEF51C2AAAFF5000913FCB /* Notification_Permission_ViewModel.swift */ = {isa = PBXFileReference; lastKnownFileType = sourcecode.swift; name = Notification_Permission_ViewModel.swift; path = Bildirimce/ViewModel/Notification_Permission_ViewModel.swift; sourceTree = SOURCE_ROOT; };
		01FEF51E2AAB00BD00913FCB /* Turkish_Model.swift */ = {isa = PBXFileReference; lastKnownFileType = sourcecode.swift; path = Turkish_Model.swift; sourceTree = "<group>"; };
		01FEF5202AAB014C00913FCB /* English_Model.swift */ = {isa = PBXFileReference; lastKnownFileType = sourcecode.swift; path = English_Model.swift; sourceTree = "<group>"; };
		01FEF5262AAB043000913FCB /* UserNofiticationExtension.swift */ = {isa = PBXFileReference; lastKnownFileType = sourcecode.swift; path = UserNofiticationExtension.swift; sourceTree = "<group>"; };
		01FEF5282AAB084B00913FCB /* Notification_Menu_ViewModel.swift */ = {isa = PBXFileReference; lastKnownFileType = sourcecode.swift; path = Notification_Menu_ViewModel.swift; sourceTree = "<group>"; };
		01FEF52A2AAB09ED00913FCB /* Notification_Content_ViewModel.swift */ = {isa = PBXFileReference; lastKnownFileType = sourcecode.swift; path = Notification_Content_ViewModel.swift; sourceTree = "<group>"; };
		01FEF52C2AAB0BF100913FCB /* Date_Settings_ViewModel.swift */ = {isa = PBXFileReference; lastKnownFileType = sourcecode.swift; path = Date_Settings_ViewModel.swift; sourceTree = "<group>"; };
/* End PBXFileReference section */

/* Begin PBXFrameworksBuildPhase section */
		01FEEB7D2AAA49C800B8DB48 /* Frameworks */ = {
			isa = PBXFrameworksBuildPhase;
			buildActionMask = 2147483647;
			files = (
			);
			runOnlyForDeploymentPostprocessing = 0;
		};
/* End PBXFrameworksBuildPhase section */

/* Begin PBXGroup section */
		011142CF2AAB611B006021F6 /* View */ = {
			isa = PBXGroup;
			children = (
				011142D02AAB6132006021F6 /* SettingsView.swift */,
				01FEEB852AAA49C800B8DB48 /* ContentView.swift */,
				011142D22AAB6156006021F6 /* MainView.swift */,
				01699EBD2AADC576007DEDA8 /* SaveView.swift */,
			);
			path = View;
			sourceTree = "<group>";
		};
		015117C62AAA7F2D000B0920 /* Model */ = {
			isa = PBXGroup;
			children = (
				01FEF51E2AAB00BD00913FCB /* Turkish_Model.swift */,
				01FEF5202AAB014C00913FCB /* English_Model.swift */,
			);
			path = Model;
			sourceTree = "<group>";
		};
		01FEEB772AAA49C800B8DB48 = {
			isa = PBXGroup;
			children = (
				01FEEB822AAA49C800B8DB48 /* Bildirimce */,
				01FEEB812AAA49C800B8DB48 /* Products */,
			);
			sourceTree = "<group>";
		};
		01FEEB812AAA49C800B8DB48 /* Products */ = {
			isa = PBXGroup;
			children = (
				01FEEB802AAA49C800B8DB48 /* Bildirimce.app */,
			);
			name = Products;
			sourceTree = "<group>";
		};
		01FEEB822AAA49C800B8DB48 /* Bildirimce */ = {
			isa = PBXGroup;
			children = (
				011142CF2AAB611B006021F6 /* View */,
				01FEF5242AAB040200913FCB /* Helpers */,
				01FEF51B2AAAFE6500913FCB /* ViewModel */,
				015117C62AAA7F2D000B0920 /* Model */,
				015117C32AAA4CA5000B0920 /* Info.plist */,
				015117C22AAA4BE4000B0920 /* Bildirimce.entitlements */,
				01FEEB832AAA49C800B8DB48 /* BildirimceApp.swift */,
				01FEEB872AAA49CA00B8DB48 /* Assets.xcassets */,
				01FEEB892AAA49CA00B8DB48 /* Preview Content */,
			);
			path = Bildirimce;
			sourceTree = "<group>";
		};
		01FEEB892AAA49CA00B8DB48 /* Preview Content */ = {
			isa = PBXGroup;
			children = (
				01FEEB8A2AAA49CA00B8DB48 /* Preview Assets.xcassets */,
			);
			path = "Preview Content";
			sourceTree = "<group>";
		};
		01FEF51B2AAAFE6500913FCB /* ViewModel */ = {
			isa = PBXGroup;
			children = (
				01FEF51C2AAAFF5000913FCB /* Notification_Permission_ViewModel.swift */,
				01FEF5282AAB084B00913FCB /* Notification_Menu_ViewModel.swift */,
				01FEF52A2AAB09ED00913FCB /* Notification_Content_ViewModel.swift */,
				01FEF52C2AAB0BF100913FCB /* Date_Settings_ViewModel.swift */,
			);
			path = ViewModel;
			sourceTree = "<group>";
		};
		01FEF5242AAB040200913FCB /* Helpers */ = {
			isa = PBXGroup;
			children = (
				01FEF5252AAB040F00913FCB /* Extensions */,
			);
			path = Helpers;
			sourceTree = "<group>";
		};
		01FEF5252AAB040F00913FCB /* Extensions */ = {
			isa = PBXGroup;
			children = (
				01FEF5262AAB043000913FCB /* UserNofiticationExtension.swift */,
			);
			path = Extensions;
			sourceTree = "<group>";
		};
/* End PBXGroup section */

/* Begin PBXNativeTarget section */
		01FEEB7F2AAA49C800B8DB48 /* Bildirimce */ = {
			isa = PBXNativeTarget;
			buildConfigurationList = 01FEEB8E2AAA49CA00B8DB48 /* Build configuration list for PBXNativeTarget "Bildirimce" */;
			buildPhases = (
				01FEEB7C2AAA49C800B8DB48 /* Sources */,
				01FEEB7D2AAA49C800B8DB48 /* Frameworks */,
				01FEEB7E2AAA49C800B8DB48 /* Resources */,
			);
			buildRules = (
			);
			dependencies = (
			);
			name = Bildirimce;
			productName = Bildirimce;
			productReference = 01FEEB802AAA49C800B8DB48 /* Bildirimce.app */;
			productType = "com.apple.product-type.application";
		};
/* End PBXNativeTarget section */

/* Begin PBXProject section */
		01FEEB782AAA49C800B8DB48 /* Project object */ = {
			isa = PBXProject;
			attributes = {
				BuildIndependentTargetsInParallel = 1;
				LastSwiftUpdateCheck = 1430;
				LastUpgradeCheck = 1430;
				TargetAttributes = {
					01FEEB7F2AAA49C800B8DB48 = {
						CreatedOnToolsVersion = 14.3.1;
					};
				};
			};
			buildConfigurationList = 01FEEB7B2AAA49C800B8DB48 /* Build configuration list for PBXProject "Bildirimce" */;
			compatibilityVersion = "Xcode 14.0";
			developmentRegion = en;
			hasScannedForEncodings = 0;
			knownRegions = (
				en,
				Base,
			);
			mainGroup = 01FEEB772AAA49C800B8DB48;
			productRefGroup = 01FEEB812AAA49C800B8DB48 /* Products */;
			projectDirPath = "";
			projectRoot = "";
			targets = (
				01FEEB7F2AAA49C800B8DB48 /* Bildirimce */,
			);
		};
/* End PBXProject section */

/* Begin PBXResourcesBuildPhase section */
		01FEEB7E2AAA49C800B8DB48 /* Resources */ = {
			isa = PBXResourcesBuildPhase;
			buildActionMask = 2147483647;
			files = (
				01FEEB8B2AAA49CA00B8DB48 /* Preview Assets.xcassets in Resources */,
				01FEEB882AAA49CA00B8DB48 /* Assets.xcassets in Resources */,
			);
			runOnlyForDeploymentPostprocessing = 0;
		};
/* End PBXResourcesBuildPhase section */

/* Begin PBXSourcesBuildPhase section */
		01FEEB7C2AAA49C800B8DB48 /* Sources */ = {
			isa = PBXSourcesBuildPhase;
			buildActionMask = 2147483647;
			files = (
				01FEEB862AAA49C800B8DB48 /* ContentView.swift in Sources */,
				01FEF5272AAB043000913FCB /* UserNofiticationExtension.swift in Sources */,
				01FEF5212AAB014C00913FCB /* English_Model.swift in Sources */,
				01FEF51D2AAAFF5000913FCB /* Notification_Permission_ViewModel.swift in Sources */,
				01FEEB842AAA49C800B8DB48 /* BildirimceApp.swift in Sources */,
				011142D12AAB6132006021F6 /* SettingsView.swift in Sources */,
				01FEF51F2AAB00BD00913FCB /* Turkish_Model.swift in Sources */,
				011142D32AAB6156006021F6 /* MainView.swift in Sources */,
				01FEF52D2AAB0BF100913FCB /* Date_Settings_ViewModel.swift in Sources */,
				01FEF52B2AAB09ED00913FCB /* Notification_Content_ViewModel.swift in Sources */,
				01FEF5292AAB084B00913FCB /* Notification_Menu_ViewModel.swift in Sources */,
				01699EBE2AADC576007DEDA8 /* SaveView.swift in Sources */,
			);
			runOnlyForDeploymentPostprocessing = 0;
		};
/* End PBXSourcesBuildPhase section */

/* Begin XCBuildConfiguration section */
		01FEEB8C2AAA49CA00B8DB48 /* Debug */ = {
			isa = XCBuildConfiguration;
			buildSettings = {
				ALWAYS_SEARCH_USER_PATHS = NO;
				CLANG_ANALYZER_NONNULL = YES;
				CLANG_ANALYZER_NUMBER_OBJECT_CONVERSION = YES_AGGRESSIVE;
				CLANG_CXX_LANGUAGE_STANDARD = "gnu++20";
				CLANG_ENABLE_MODULES = YES;
				CLANG_ENABLE_OBJC_ARC = YES;
				CLANG_ENABLE_OBJC_WEAK = YES;
				CLANG_WARN_BLOCK_CAPTURE_AUTORELEASING = YES;
				CLANG_WARN_BOOL_CONVERSION = YES;
				CLANG_WARN_COMMA = YES;
				CLANG_WARN_CONSTANT_CONVERSION = YES;
				CLANG_WARN_DEPRECATED_OBJC_IMPLEMENTATIONS = YES;
				CLANG_WARN_DIRECT_OBJC_ISA_USAGE = YES_ERROR;
				CLANG_WARN_DOCUMENTATION_COMMENTS = YES;
				CLANG_WARN_EMPTY_BODY = YES;
				CLANG_WARN_ENUM_CONVERSION = YES;
				CLANG_WARN_INFINITE_RECURSION = YES;
				CLANG_WARN_INT_CONVERSION = YES;
				CLANG_WARN_NON_LITERAL_NULL_CONVERSION = YES;
				CLANG_WARN_OBJC_IMPLICIT_RETAIN_SELF = YES;
				CLANG_WARN_OBJC_LITERAL_CONVERSION = YES;
				CLANG_WARN_OBJC_ROOT_CLASS = YES_ERROR;
				CLANG_WARN_QUOTED_INCLUDE_IN_FRAMEWORK_HEADER = YES;
				CLANG_WARN_RANGE_LOOP_ANALYSIS = YES;
				CLANG_WARN_STRICT_PROTOTYPES = YES;
				CLANG_WARN_SUSPICIOUS_MOVE = YES;
				CLANG_WARN_UNGUARDED_AVAILABILITY = YES_AGGRESSIVE;
				CLANG_WARN_UNREACHABLE_CODE = YES;
				CLANG_WARN__DUPLICATE_METHOD_MATCH = YES;
				COPY_PHASE_STRIP = NO;
				DEBUG_INFORMATION_FORMAT = dwarf;
				ENABLE_STRICT_OBJC_MSGSEND = YES;
				ENABLE_TESTABILITY = YES;
				GCC_C_LANGUAGE_STANDARD = gnu11;
				GCC_DYNAMIC_NO_PIC = NO;
				GCC_NO_COMMON_BLOCKS = YES;
				GCC_OPTIMIZATION_LEVEL = 0;
				GCC_PREPROCESSOR_DEFINITIONS = (
					"DEBUG=1",
					"$(inherited)",
				);
				GCC_WARN_64_TO_32_BIT_CONVERSION = YES;
				GCC_WARN_ABOUT_RETURN_TYPE = YES_ERROR;
				GCC_WARN_UNDECLARED_SELECTOR = YES;
				GCC_WARN_UNINITIALIZED_AUTOS = YES_AGGRESSIVE;
				GCC_WARN_UNUSED_FUNCTION = YES;
				GCC_WARN_UNUSED_VARIABLE = YES;
				IPHONEOS_DEPLOYMENT_TARGET = 16.4;
				MTL_ENABLE_DEBUG_INFO = INCLUDE_SOURCE;
				MTL_FAST_MATH = YES;
				ONLY_ACTIVE_ARCH = YES;
				SDKROOT = iphoneos;
				SWIFT_ACTIVE_COMPILATION_CONDITIONS = DEBUG;
				SWIFT_OPTIMIZATION_LEVEL = "-Onone";
			};
			name = Debug;
		};
		01FEEB8D2AAA49CA00B8DB48 /* Release */ = {
			isa = XCBuildConfiguration;
			buildSettings = {
				ALWAYS_SEARCH_USER_PATHS = NO;
				CLANG_ANALYZER_NONNULL = YES;
				CLANG_ANALYZER_NUMBER_OBJECT_CONVERSION = YES_AGGRESSIVE;
				CLANG_CXX_LANGUAGE_STANDARD = "gnu++20";
				CLANG_ENABLE_MODULES = YES;
				CLANG_ENABLE_OBJC_ARC = YES;
				CLANG_ENABLE_OBJC_WEAK = YES;
				CLANG_WARN_BLOCK_CAPTURE_AUTORELEASING = YES;
				CLANG_WARN_BOOL_CONVERSION = YES;
				CLANG_WARN_COMMA = YES;
				CLANG_WARN_CONSTANT_CONVERSION = YES;
				CLANG_WARN_DEPRECATED_OBJC_IMPLEMENTATIONS = YES;
				CLANG_WARN_DIRECT_OBJC_ISA_USAGE = YES_ERROR;
				CLANG_WARN_DOCUMENTATION_COMMENTS = YES;
				CLANG_WARN_EMPTY_BODY = YES;
				CLANG_WARN_ENUM_CONVERSION = YES;
				CLANG_WARN_INFINITE_RECURSION = YES;
				CLANG_WARN_INT_CONVERSION = YES;
				CLANG_WARN_NON_LITERAL_NULL_CONVERSION = YES;
				CLANG_WARN_OBJC_IMPLICIT_RETAIN_SELF = YES;
				CLANG_WARN_OBJC_LITERAL_CONVERSION = YES;
				CLANG_WARN_OBJC_ROOT_CLASS = YES_ERROR;
				CLANG_WARN_QUOTED_INCLUDE_IN_FRAMEWORK_HEADER = YES;
				CLANG_WARN_RANGE_LOOP_ANALYSIS = YES;
				CLANG_WARN_STRICT_PROTOTYPES = YES;
				CLANG_WARN_SUSPICIOUS_MOVE = YES;
				CLANG_WARN_UNGUARDED_AVAILABILITY = YES_AGGRESSIVE;
				CLANG_WARN_UNREACHABLE_CODE = YES;
				CLANG_WARN__DUPLICATE_METHOD_MATCH = YES;
				COPY_PHASE_STRIP = NO;
				DEBUG_INFORMATION_FORMAT = "dwarf-with-dsym";
				ENABLE_NS_ASSERTIONS = NO;
				ENABLE_STRICT_OBJC_MSGSEND = YES;
				GCC_C_LANGUAGE_STANDARD = gnu11;
				GCC_NO_COMMON_BLOCKS = YES;
				GCC_WARN_64_TO_32_BIT_CONVERSION = YES;
				GCC_WARN_ABOUT_RETURN_TYPE = YES_ERROR;
				GCC_WARN_UNDECLARED_SELECTOR = YES;
				GCC_WARN_UNINITIALIZED_AUTOS = YES_AGGRESSIVE;
				GCC_WARN_UNUSED_FUNCTION = YES;
				GCC_WARN_UNUSED_VARIABLE = YES;
				IPHONEOS_DEPLOYMENT_TARGET = 16.4;
				MTL_ENABLE_DEBUG_INFO = NO;
				MTL_FAST_MATH = YES;
				SDKROOT = iphoneos;
				SWIFT_COMPILATION_MODE = wholemodule;
				SWIFT_OPTIMIZATION_LEVEL = "-O";
				VALIDATE_PRODUCT = YES;
			};
			name = Release;
		};
		01FEEB8F2AAA49CA00B8DB48 /* Debug */ = {
			isa = XCBuildConfiguration;
			buildSettings = {
				ASSETCATALOG_COMPILER_APPICON_NAME = AppIcon;
				ASSETCATALOG_COMPILER_GLOBAL_ACCENT_COLOR_NAME = AccentColor;
				CODE_SIGN_ENTITLEMENTS = Bildirimce/Bildirimce.entitlements;
				CODE_SIGN_STYLE = Automatic;
				CURRENT_PROJECT_VERSION = 1;
				DEVELOPMENT_ASSET_PATHS = "\"Bildirimce/Preview Content\"";
				DEVELOPMENT_TEAM = VTWWU55Y4C;
				ENABLE_PREVIEWS = YES;
				GENERATE_INFOPLIST_FILE = YES;
				INFOPLIST_FILE = Bildirimce/Info.plist;
				INFOPLIST_KEY_CFBundleDisplayName = Bildirimce;
				INFOPLIST_KEY_UIApplicationSceneManifest_Generation = YES;
				INFOPLIST_KEY_UIApplicationSupportsIndirectInputEvents = YES;
				INFOPLIST_KEY_UILaunchScreen_Generation = YES;
				INFOPLIST_KEY_UIRequiresFullScreen = YES;
				INFOPLIST_KEY_UISupportedInterfaceOrientations = UIInterfaceOrientationPortrait;
				IPHONEOS_DEPLOYMENT_TARGET = 15.0;
				LD_RUNPATH_SEARCH_PATHS = (
					"$(inherited)",
					"@executable_path/Frameworks",
				);
				MARKETING_VERSION = 1.0;
				PRODUCT_BUNDLE_IDENTIFIER = site.backhub.Bildirimce;
				PRODUCT_NAME = "$(TARGET_NAME)";
				SUPPORTED_PLATFORMS = "iphoneos iphonesimulator";
				SUPPORTS_MACCATALYST = NO;
				SUPPORTS_MAC_DESIGNED_FOR_IPHONE_IPAD = NO;
				SWIFT_EMIT_LOC_STRINGS = YES;
				SWIFT_VERSION = 5.0;
				TARGETED_DEVICE_FAMILY = "1,2";
			};
			name = Debug;
		};
		01FEEB902AAA49CA00B8DB48 /* Release */ = {
			isa = XCBuildConfiguration;
			buildSettings = {
				ASSETCATALOG_COMPILER_APPICON_NAME = AppIcon;
				ASSETCATALOG_COMPILER_GLOBAL_ACCENT_COLOR_NAME = AccentColor;
				CODE_SIGN_ENTITLEMENTS = Bildirimce/Bildirimce.entitlements;
				CODE_SIGN_STYLE = Automatic;
				CURRENT_PROJECT_VERSION = 1;
				DEVELOPMENT_ASSET_PATHS = "\"Bildirimce/Preview Content\"";
				DEVELOPMENT_TEAM = VTWWU55Y4C;
				ENABLE_PREVIEWS = YES;
				GENERATE_INFOPLIST_FILE = YES;
				INFOPLIST_FILE = Bildirimce/Info.plist;
				INFOPLIST_KEY_CFBundleDisplayName = Bildirimce;
				INFOPLIST_KEY_UIApplicationSceneManifest_Generation = YES;
				INFOPLIST_KEY_UIApplicationSupportsIndirectInputEvents = YES;
				INFOPLIST_KEY_UILaunchScreen_Generation = YES;
				INFOPLIST_KEY_UIRequiresFullScreen = YES;
				INFOPLIST_KEY_UISupportedInterfaceOrientations = UIInterfaceOrientationPortrait;
				IPHONEOS_DEPLOYMENT_TARGET = 15.0;
				LD_RUNPATH_SEARCH_PATHS = (
					"$(inherited)",
					"@executable_path/Frameworks",
				);
				MARKETING_VERSION = 1.0;
				PRODUCT_BUNDLE_IDENTIFIER = site.backhub.Bildirimce;
				PRODUCT_NAME = "$(TARGET_NAME)";
				SUPPORTED_PLATFORMS = "iphoneos iphonesimulator";
				SUPPORTS_MACCATALYST = NO;
				SUPPORTS_MAC_DESIGNED_FOR_IPHONE_IPAD = NO;
				SWIFT_EMIT_LOC_STRINGS = YES;
				SWIFT_VERSION = 5.0;
				TARGETED_DEVICE_FAMILY = "1,2";
			};
			name = Release;
		};
/* End XCBuildConfiguration section */

/* Begin XCConfigurationList section */
		01FEEB7B2AAA49C800B8DB48 /* Build configuration list for PBXProject "Bildirimce" */ = {
			isa = XCConfigurationList;
			buildConfigurations = (
				01FEEB8C2AAA49CA00B8DB48 /* Debug */,
				01FEEB8D2AAA49CA00B8DB48 /* Release */,
			);
			defaultConfigurationIsVisible = 0;
			defaultConfigurationName = Release;
		};
		01FEEB8E2AAA49CA00B8DB48 /* Build configuration list for PBXNativeTarget "Bildirimce" */ = {
			isa = XCConfigurationList;
			buildConfigurations = (
				01FEEB8F2AAA49CA00B8DB48 /* Debug */,
				01FEEB902AAA49CA00B8DB48 /* Release */,
			);
			defaultConfigurationIsVisible = 0;
			defaultConfigurationName = Release;
		};
/* End XCConfigurationList section */
	};
	rootObject = 01FEEB782AAA49C800B8DB48 /* Project object */;
}
